// !$*UTF8*$!
{
	archiveVersion = 1;
	classes = {
	};
	objectVersion = 46;
	objects = {

/* Begin PBXBuildFile section */
		33CF07ED1DA1A778009905B0 /* AppDelegate.swift in Sources */ = {isa = PBXBuildFile; fileRef = 33CF07EC1DA1A778009905B0 /* AppDelegate.swift */; };
		33CF07EF1DA1A778009905B0 /* ViewController.swift in Sources */ = {isa = PBXBuildFile; fileRef = 33CF07EE1DA1A778009905B0 /* ViewController.swift */; };
		33CF07F21DA1A778009905B0 /* Main.storyboard in Resources */ = {isa = PBXBuildFile; fileRef = 33CF07F01DA1A778009905B0 /* Main.storyboard */; };
		33CF07F41DA1A778009905B0 /* Images.xcassets in Resources */ = {isa = PBXBuildFile; fileRef = 33CF07F31DA1A778009905B0 /* Images.xcassets */; };
		33CF07F71DA1A778009905B0 /* LaunchScreen.xib in Resources */ = {isa = PBXBuildFile; fileRef = 33CF07F51DA1A778009905B0 /* LaunchScreen.xib */; };
		33CF08031DA1A778009905B0 /* hellogithubTests.swift in Sources */ = {isa = PBXBuildFile; fileRef = 33CF08021DA1A778009905B0 /* hellogithubTests.swift */; };
/* End PBXBuildFile section */

/* Begin PBXContainerItemProxy section */
		33CF07FD1DA1A778009905B0 /* PBXContainerItemProxy */ = {
			isa = PBXContainerItemProxy;
			containerPortal = 33CF07DF1DA1A778009905B0 /* Project object */;
			proxyType = 1;
			remoteGlobalIDString = 33CF07E61DA1A778009905B0;
			remoteInfo = hellogithub;
		};
/* End PBXContainerItemProxy section */

/* Begin PBXFileReference section */
		33CF07E71DA1A778009905B0 /* hellogithub.app */ = {isa = PBXFileReference; explicitFileType = wrapper.application; includeInIndex = 0; path = hellogithub.app; sourceTree = BUILT_PRODUCTS_DIR; };
		33CF07EB1DA1A778009905B0 /* Info.plist */ = {isa = PBXFileReference; lastKnownFileType = text.plist.xml; path = Info.plist; sourceTree = "<group>"; };
		33CF07EC1DA1A778009905B0 /* AppDelegate.swift */ = {isa = PBXFileReference; lastKnownFileType = sourcecode.swift; path = AppDelegate.swift; sourceTree = "<group>"; };
		33CF07EE1DA1A778009905B0 /* ViewController.swift */ = {isa = PBXFileReference; lastKnownFileType = sourcecode.swift; path = ViewController.swift; sourceTree = "<group>"; };
		33CF07F11DA1A778009905B0 /* Base */ = {isa = PBXFileReference; lastKnownFileType = file.storyboard; name = Base; path = Base.lproj/Main.storyboard; sourceTree = "<group>"; };
		33CF07F31DA1A778009905B0 /* Images.xcassets */ = {isa = PBXFileReference; lastKnownFileType = folder.assetcatalog; path = Images.xcassets; sourceTree = "<group>"; };
		33CF07F61DA1A778009905B0 /* Base */ = {isa = PBXFileReference; lastKnownFileType = file.xib; name = Base; path = Base.lproj/LaunchScreen.xib; sourceTree = "<group>"; };
		33CF07FC1DA1A778009905B0 /* hellogithubTests.xctest */ = {isa = PBXFileReference; explicitFileType = wrapper.cfbundle; includeInIndex = 0; path = hellogithubTests.xctest; sourceTree = BUILT_PRODUCTS_DIR; };
		33CF08011DA1A778009905B0 /* Info.plist */ = {isa = PBXFileReference; lastKnownFileType = text.plist.xml; path = Info.plist; sourceTree = "<group>"; };
		33CF08021DA1A778009905B0 /* hellogithubTests.swift */ = {isa = PBXFileReference; lastKnownFileType = sourcecode.swift; path = hellogithubTests.swift; sourceTree = "<group>"; };
/* End PBXFileReference section */

/* Begin PBXFrameworksBuildPhase section */
		33CF07E41DA1A778009905B0 /* Frameworks */ = {
			isa = PBXFrameworksBuildPhase;
			buildActionMask = 2147483647;
			files = (
			);
			runOnlyForDeploymentPostprocessing = 0;
		};
		33CF07F91DA1A778009905B0 /* Frameworks */ = {
			isa = PBXFrameworksBuildPhase;
			buildActionMask = 2147483647;
			files = (
			);
			runOnlyForDeploymentPostprocessing = 0;
		};
/* End PBXFrameworksBuildPhase section */

/* Begin PBXGroup section */
		33CF07DE1DA1A778009905B0 = {
			isa = PBXGroup;
			children = (
				33CF07E91DA1A778009905B0 /* hellogithub */,
				33CF07FF1DA1A778009905B0 /* hellogithubTests */,
				33CF07E81DA1A778009905B0 /* Products */,
			);
			sourceTree = "<group>";
		};
		33CF07E81DA1A778009905B0 /* Products */ = {
			isa = PBXGroup;
			children = (
				33CF07E71DA1A778009905B0 /* hellogithub.app */,
				33CF07FC1DA1A778009905B0 /* hellogithubTests.xctest */,
			);
			name = Products;
			sourceTree = "<group>";
		};
		33CF07E91DA1A778009905B0 /* hellogithub */ = {
			isa = PBXGroup;
			children = (
				33CF07EC1DA1A778009905B0 /* AppDelegate.swift */,
				33CF07EE1DA1A778009905B0 /* ViewController.swift */,
				33CF07F01DA1A778009905B0 /* Main.storyboard */,
				33CF07F31DA1A778009905B0 /* Images.xcassets */,
				33CF07F51DA1A778009905B0 /* LaunchScreen.xib */,
				33CF07EA1DA1A778009905B0 /* Supporting Files */,
			);
			path = hellogithub;
			sourceTree = "<group>";
		};
		33CF07EA1DA1A778009905B0 /* Supporting Files */ = {
			isa = PBXGroup;
			children = (
				33CF07EB1DA1A778009905B0 /* Info.plist */,
			);
			name = "Supporting Files";
			sourceTree = "<group>";
		};
		33CF07FF1DA1A778009905B0 /* hellogithubTests */ = {
			isa = PBXGroup;
			children = (
				33CF08021DA1A778009905B0 /* hellogithubTests.swift */,
				33CF08001DA1A778009905B0 /* Supporting Files */,
			);
			path = hellogithubTests;
			sourceTree = "<group>";
		};
		33CF08001DA1A778009905B0 /* Supporting Files */ = {
			isa = PBXGroup;
			children = (
				33CF08011DA1A778009905B0 /* Info.plist */,
			);
			name = "Supporting Files";
			sourceTree = "<group>";
		};
/* End PBXGroup section */

/* Begin PBXNativeTarget section */
		33CF07E61DA1A778009905B0 /* hellogithub */ = {
			isa = PBXNativeTarget;
			buildConfigurationList = 33CF08061DA1A778009905B0 /* Build configuration list for PBXNativeTarget "hellogithub" */;
			buildPhases = (
				33CF07E31DA1A778009905B0 /* Sources */,
				33CF07E41DA1A778009905B0 /* Frameworks */,
				33CF07E51DA1A778009905B0 /* Resources */,
			);
			buildRules = (
			);
			dependencies = (
			);
			name = hellogithub;
			productName = hellogithub;
			productReference = 33CF07E71DA1A778009905B0 /* hellogithub.app */;
			productType = "com.apple.product-type.application";
		};
		33CF07FB1DA1A778009905B0 /* hellogithubTests */ = {
			isa = PBXNativeTarget;
			buildConfigurationList = 33CF08091DA1A778009905B0 /* Build configuration list for PBXNativeTarget "hellogithubTests" */;
			buildPhases = (
				33CF07F81DA1A778009905B0 /* Sources */,
				33CF07F91DA1A778009905B0 /* Frameworks */,
				33CF07FA1DA1A778009905B0 /* Resources */,
			);
			buildRules = (
			);
			dependencies = (
				33CF07FE1DA1A778009905B0 /* PBXTargetDependency */,
			);
			name = hellogithubTests;
			productName = hellogithubTests;
			productReference = 33CF07FC1DA1A778009905B0 /* hellogithubTests.xctest */;
			productType = "com.apple.product-type.bundle.unit-test";
		};
/* End PBXNativeTarget section */

/* Begin PBXProject section */
		33CF07DF1DA1A778009905B0 /* Project object */ = {
			isa = PBXProject;
			attributes = {
				LastUpgradeCheck = 0640;
				ORGANIZATIONNAME = Kyle;
				TargetAttributes = {
					33CF07E61DA1A778009905B0 = {
						CreatedOnToolsVersion = 6.4;
					};
					33CF07FB1DA1A778009905B0 = {
						CreatedOnToolsVersion = 6.4;
						TestTargetID = 33CF07E61DA1A778009905B0;
					};
				};
			};
			buildConfigurationList = 33CF07E21DA1A778009905B0 /* Build configuration list for PBXProject "hellogithub" */;
			compatibilityVersion = "Xcode 3.2";
			developmentRegion = English;
			hasScannedForEncodings = 0;
			knownRegions = (
				en,
				Base,
			);
			mainGroup = 33CF07DE1DA1A778009905B0;
			productRefGroup = 33CF07E81DA1A778009905B0 /* Products */;
			projectDirPath = "";
			projectRoot = "";
			targets = (
				33CF07E61DA1A778009905B0 /* hellogithub */,
				33CF07FB1DA1A778009905B0 /* hellogithubTests */,
			);
		};
/* End PBXProject section */

/* Begin PBXResourcesBuildPhase section */
		33CF07E51DA1A778009905B0 /* Resources */ = {
			isa = PBXResourcesBuildPhase;
			buildActionMask = 2147483647;
			files = (
				33CF07F21DA1A778009905B0 /* Main.storyboard in Resources */,
				33CF07F71DA1A778009905B0 /* LaunchScreen.xib in Resources */,
				33CF07F41DA1A778009905B0 /* Images.xcassets in Resources */,
			);
			runOnlyForDeploymentPostprocessing = 0;
		};
		33CF07FA1DA1A778009905B0 /* Resources */ = {
			isa = PBXResourcesBuildPhase;
			buildActionMask = 2147483647;
			files = (
			);
			runOnlyForDeploymentPostprocessing = 0;
		};
/* End PBXResourcesBuildPhase section */

/* Begin PBXSourcesBuildPhase section */
		33CF07E31DA1A778009905B0 /* Sources */ = {
			isa = PBXSourcesBuildPhase;
			buildActionMask = 2147483647;
			files = (
				33CF07EF1DA1A778009905B0 /* ViewController.swift in Sources */,
				33CF07ED1DA1A778009905B0 /* AppDelegate.swift in Sources */,
			);
			runOnlyForDeploymentPostprocessing = 0;
		};
		33CF07F81DA1A778009905B0 /* Sources */ = {
			isa = PBXSourcesBuildPhase;
			buildActionMask = 2147483647;
			files = (
				33CF08031DA1A778009905B0 /* hellogithubTests.swift in Sources */,
			);
			runOnlyForDeploymentPostprocessing = 0;
		};
/* End PBXSourcesBuildPhase section */

/* Begin PBXTargetDependency section */
		33CF07FE1DA1A778009905B0 /* PBXTargetDependency */ = {
			isa = PBXTargetDependency;
			target = 33CF07E61DA1A778009905B0 /* hellogithub */;
			targetProxy = 33CF07FD1DA1A778009905B0 /* PBXContainerItemProxy */;
		};
/* End PBXTargetDependency section */

/* Begin PBXVariantGroup section */
		33CF07F01DA1A778009905B0 /* Main.storyboard */ = {
			isa = PBXVariantGroup;
			children = (
				33CF07F11DA1A778009905B0 /* Base */,
			);
			name = Main.storyboard;
			sourceTree = "<group>";
		};
		33CF07F51DA1A778009905B0 /* LaunchScreen.xib */ = {
			isa = PBXVariantGroup;
			children = (
				33CF07F61DA1A778009905B0 /* Base */,
			);
			name = LaunchScreen.xib;
			sourceTree = "<group>";
		};
/* End PBXVariantGroup section */

/* Begin XCBuildConfiguration section */
		33CF08041DA1A778009905B0 /* Debug */ = {
			isa = XCBuildConfiguration;
			buildSettings = {
				ALWAYS_SEARCH_USER_PATHS = NO;
				CLANG_CXX_LANGUAGE_STANDARD = "gnu++0x";
				CLANG_CXX_LIBRARY = "libc++";
				CLANG_ENABLE_MODULES = YES;
				CLANG_ENABLE_OBJC_ARC = YES;
				CLANG_WARN_BOOL_CONVERSION = YES;
				CLANG_WARN_CONSTANT_CONVERSION = YES;
				CLANG_WARN_DIRECT_OBJC_ISA_USAGE = YES_ERROR;
				CLANG_WARN_EMPTY_BODY = YES;
				CLANG_WARN_ENUM_CONVERSION = YES;
				CLANG_WARN_INT_CONVERSION = YES;
				CLANG_WARN_OBJC_ROOT_CLASS = YES_ERROR;
				CLANG_WARN_UNREACHABLE_CODE = YES;
				CLANG_WARN__DUPLICATE_METHOD_MATCH = YES;
				"CODE_SIGN_IDENTITY[sdk=iphoneos*]" = "iPhone Developer";
				COPY_PHASE_STRIP = NO;
				DEBUG_INFORMATION_FORMAT = "dwarf-with-dsym";
				ENABLE_STRICT_OBJC_MSGSEND = YES;
				GCC_C_LANGUAGE_STANDARD = gnu99;
				GCC_DYNAMIC_NO_PIC = NO;
				GCC_NO_COMMON_BLOCKS = YES;
				GCC_OPTIMIZATION_LEVEL = 0;
				GCC_PREPROCESSOR_DEFINITIONS = (
					"DEBUG=1",
					"$(inherited)",
				);
				GCC_SYMBOLS_PRIVATE_EXTERN = NO;
				GCC_WARN_64_TO_32_BIT_CONVERSION = YES;
				GCC_WARN_ABOUT_RETURN_TYPE = YES_ERROR;
				GCC_WARN_UNDECLARED_SELECTOR = YES;
				GCC_WARN_UNINITIALIZED_AUTOS = YES_AGGRESSIVE;
				GCC_WARN_UNUSED_FUNCTION = YES;
				GCC_WARN_UNUSED_VARIABLE = YES;
				IPHONEOS_DEPLOYMENT_TARGET = 8.4;
				MTL_ENABLE_DEBUG_INFO = YES;
				ONLY_ACTIVE_ARCH = YES;
				SDKROOT = iphoneos;
				SWIFT_OPTIMIZATION_LEVEL = "-Onone";
			};
			name = Debug;
		};
		33CF08051DA1A778009905B0 /* Release */ = {
			isa = XCBuildConfiguration;
			buildSettings = {
				ALWAYS_SEARCH_USER_PATHS = NO;
				CLANG_CXX_LANGUAGE_STANDARD = "gnu++0x";
				CLANG_CXX_LIBRARY = "libc++";
				CLANG_ENABLE_MODULES = YES;
				CLANG_ENABLE_OBJC_ARC = YES;
				CLANG_WARN_BOOL_CONVERSION = YES;
				CLANG_WARN_CONSTANT_CONVERSION = YES;
				CLANG_WARN_DIRECT_OBJC_ISA_USAGE = YES_ERROR;
				CLANG_WARN_EMPTY_BODY = YES;
				CLANG_WARN_ENUM_CONVERSION = YES;
				CLANG_WARN_INT_CONVERSION = YES;
				CLANG_WARN_OBJC_ROOT_CLASS = YES_ERROR;
				CLANG_WARN_UNREACHABLE_CODE = YES;
				CLANG_WARN__DUPLICATE_METHOD_MATCH = YES;
				"CODE_SIGN_IDENTITY[sdk=iphoneos*]" = "iPhone Developer";
				COPY_PHASE_STRIP = NO;
				DEBUG_INFORMATION_FORMAT = "dwarf-with-dsym";
				ENABLE_NS_ASSERTIONS = NO;
				ENABLE_STRICT_OBJC_MSGSEND = YES;
				GCC_C_LANGUAGE_STANDARD = gnu99;
				GCC_NO_COMMON_BLOCKS = YES;
				GCC_WARN_64_TO_32_BIT_CONVERSION = YES;
				GCC_WARN_ABOUT_RETURN_TYPE = YES_ERROR;
				GCC_WARN_UNDECLARED_SELECTOR = YES;
				GCC_WARN_UNINITIALIZED_AUTOS = YES_AGGRESSIVE;
				GCC_WARN_UNUSED_FUNCTION = YES;
				GCC_WARN_UNUSED_VARIABLE = YES;
				IPHONEOS_DEPLOYMENT_TARGET = 8.4;
				MTL_ENABLE_DEBUG_INFO = NO;
				SDKROOT = iphoneos;
				VALIDATE_PRODUCT = YES;
			};
			name = Release;
		};
		33CF08071DA1A778009905B0 /* Debug */ = {
			isa = XCBuildConfiguration;
			buildSettings = {
				ASSETCATALOG_COMPILER_APPICON_NAME = AppIcon;
				INFOPLIST_FILE = hellogithub/Info.plist;
				LD_RUNPATH_SEARCH_PATHS = "$(inherited) @executable_path/Frameworks";
				PRODUCT_NAME = "$(TARGET_NAME)";
			};
			name = Debug;
		};
		33CF08081DA1A778009905B0 /* Release */ = {
			isa = XCBuildConfiguration;
			buildSettings = {
				ASSETCATALOG_COMPILER_APPICON_NAME = AppIcon;
				INFOPLIST_FILE = hellogithub/Info.plist;
				LD_RUNPATH_SEARCH_PATHS = "$(inherited) @executable_path/Frameworks";
				PRODUCT_NAME = "$(TARGET_NAME)";
			};
			name = Release;
		};
		33CF080A1DA1A778009905B0 /* Debug */ = {
			isa = XCBuildConfiguration;
			buildSettings = {
				BUNDLE_LOADER = "$(TEST_HOST)";
				FRAMEWORK_SEARCH_PATHS = (
					"$(SDKROOT)/Developer/Library/Frameworks",
					"$(inherited)",
				);
				GCC_PREPROCESSOR_DEFINITIONS = (
					"DEBUG=1",
					"$(inherited)",
				);
				INFOPLIST_FILE = hellogithubTests/Info.plist;
				LD_RUNPATH_SEARCH_PATHS = "$(inherited) @executable_path/Frameworks @loader_path/Frameworks";
				PRODUCT_NAME = "$(TARGET_NAME)";
				TEST_HOST = "$(BUILT_PRODUCTS_DIR)/hellogithub.app/hellogithub";
			};
			name = Debug;
		};
		33CF080B1DA1A778009905B0 /* Release */ = {
			isa = XCBuildConfiguration;
			buildSettings = {
				BUNDLE_LOADER = "$(TEST_HOST)";
				FRAMEWORK_SEARCH_PATHS = (
					"$(SDKROOT)/Developer/Library/Frameworks",
					"$(inherited)",
				);
				INFOPLIST_FILE = hellogithubTests/Info.plist;
				LD_RUNPATH_SEARCH_PATHS = "$(inherited) @executable_path/Frameworks @loader_path/Frameworks";
				PRODUCT_NAME = "$(TARGET_NAME)";
				TEST_HOST = "$(BUILT_PRODUCTS_DIR)/hellogithub.app/hellogithub";
			};
			name = Release;
		};
/* End XCBuildConfiguration section */

/* Begin XCConfigurationList section */
		33CF07E21DA1A778009905B0 /* Build configuration list for PBXProject "hellogithub" */ = {
			isa = XCConfigurationList;
			buildConfigurations = (
				33CF08041DA1A778009905B0 /* Debug */,
				33CF08051DA1A778009905B0 /* Release */,
			);
			defaultConfigurationIsVisible = 0;
			defaultConfigurationName = Release;
		};
		33CF08061DA1A778009905B0 /* Build configuration list for PBXNativeTarget "hellogithub" */ = {
			isa = XCConfigurationList;
			buildConfigurations = (
				33CF08071DA1A778009905B0 /* Debug */,
				33CF08081DA1A778009905B0 /* Release */,
			);
			defaultConfigurationIsVisible = 0;
		};
		33CF08091DA1A778009905B0 /* Build configuration list for PBXNativeTarget "hellogithubTests" */ = {
			isa = XCConfigurationList;
			buildConfigurations = (
				33CF080A1DA1A778009905B0 /* Debug */,
				33CF080B1DA1A778009905B0 /* Release */,
			);
			defaultConfigurationIsVisible = 0;
		};
/* End XCConfigurationList section */
	};
	rootObject = 33CF07DF1DA1A778009905B0 /* Project object */;
}
